// !$*UTF8*$!
{
	archiveVersion = 1;
	classes = {
	};
	objectVersion = 48;
	objects = {

/* Begin PBXBuildFile section */
		BAEFCB9E201685B400D26689 /* AppDelegate.swift in Sources */ = {isa = PBXBuildFile; fileRef = BAEFCB9D201685B400D26689 /* AppDelegate.swift */; };
		BAEFCBA3201685B400D26689 /* Main.storyboard in Resources */ = {isa = PBXBuildFile; fileRef = BAEFCBA1201685B400D26689 /* Main.storyboard */; };
		BAEFCBA5201685B400D26689 /* Assets.xcassets in Resources */ = {isa = PBXBuildFile; fileRef = BAEFCBA4201685B400D26689 /* Assets.xcassets */; };
		BAEFCBA8201685B400D26689 /* LaunchScreen.storyboard in Resources */ = {isa = PBXBuildFile; fileRef = BAEFCBA6201685B400D26689 /* LaunchScreen.storyboard */; };
		BAEFCBB02016891900D26689 /* AlarmListTableViewController.swift in Sources */ = {isa = PBXBuildFile; fileRef = BAEFCBAF2016891900D26689 /* AlarmListTableViewController.swift */; };
		BAEFCBB220168F8500D26689 /* AlarmDetailTableViewController.swift in Sources */ = {isa = PBXBuildFile; fileRef = BAEFCBB120168F8500D26689 /* AlarmDetailTableViewController.swift */; };
		BAEFCBB4201691CA00D26689 /* SwitchTableViewCell.swift in Sources */ = {isa = PBXBuildFile; fileRef = BAEFCBB3201691CA00D26689 /* SwitchTableViewCell.swift */; };
		BAEFCBB62016AC8000D26689 /* Alarm.swift in Sources */ = {isa = PBXBuildFile; fileRef = BAEFCBB52016AC8000D26689 /* Alarm.swift */; };
		BAEFCBB82016AC9F00D26689 /* DateHelper.swift in Sources */ = {isa = PBXBuildFile; fileRef = BAEFCBB72016AC9F00D26689 /* DateHelper.swift */; };
		BAEFCBBA2016AEF000D26689 /* AlarmController.swift in Sources */ = {isa = PBXBuildFile; fileRef = BAEFCBB92016AEF000D26689 /* AlarmController.swift */; };
/* End PBXBuildFile section */

/* Begin PBXFileReference section */
		BAEFCB9A201685B400D26689 /* Alarm.app */ = {isa = PBXFileReference; explicitFileType = wrapper.application; includeInIndex = 0; path = Alarm.app; sourceTree = BUILT_PRODUCTS_DIR; };
		BAEFCB9D201685B400D26689 /* AppDelegate.swift */ = {isa = PBXFileReference; lastKnownFileType = sourcecode.swift; path = AppDelegate.swift; sourceTree = "<group>"; };
		BAEFCBA2201685B400D26689 /* Base */ = {isa = PBXFileReference; lastKnownFileType = file.storyboard; name = Base; path = Base.lproj/Main.storyboard; sourceTree = "<group>"; };
		BAEFCBA4201685B400D26689 /* Assets.xcassets */ = {isa = PBXFileReference; lastKnownFileType = folder.assetcatalog; path = Assets.xcassets; sourceTree = "<group>"; };
		BAEFCBA7201685B400D26689 /* Base */ = {isa = PBXFileReference; lastKnownFileType = file.storyboard; name = Base; path = Base.lproj/LaunchScreen.storyboard; sourceTree = "<group>"; };
		BAEFCBA9201685B400D26689 /* Info.plist */ = {isa = PBXFileReference; lastKnownFileType = text.plist.xml; path = Info.plist; sourceTree = "<group>"; };
		BAEFCBAF2016891900D26689 /* AlarmListTableViewController.swift */ = {isa = PBXFileReference; lastKnownFileType = sourcecode.swift; path = AlarmListTableViewController.swift; sourceTree = "<group>"; };
		BAEFCBB120168F8500D26689 /* AlarmDetailTableViewController.swift */ = {isa = PBXFileReference; lastKnownFileType = sourcecode.swift; path = AlarmDetailTableViewController.swift; sourceTree = "<group>"; };
		BAEFCBB3201691CA00D26689 /* SwitchTableViewCell.swift */ = {isa = PBXFileReference; lastKnownFileType = sourcecode.swift; path = SwitchTableViewCell.swift; sourceTree = "<group>"; };
		BAEFCBB52016AC8000D26689 /* Alarm.swift */ = {isa = PBXFileReference; lastKnownFileType = sourcecode.swift; path = Alarm.swift; sourceTree = "<group>"; };
		BAEFCBB72016AC9F00D26689 /* DateHelper.swift */ = {isa = PBXFileReference; lastKnownFileType = sourcecode.swift; path = DateHelper.swift; sourceTree = "<group>"; };
		BAEFCBB92016AEF000D26689 /* AlarmController.swift */ = {isa = PBXFileReference; lastKnownFileType = sourcecode.swift; path = AlarmController.swift; sourceTree = "<group>"; };
/* End PBXFileReference section */

/* Begin PBXFrameworksBuildPhase section */
		BAEFCB97201685B400D26689 /* Frameworks */ = {
			isa = PBXFrameworksBuildPhase;
			buildActionMask = 2147483647;
			files = (
			);
			runOnlyForDeploymentPostprocessing = 0;
		};
/* End PBXFrameworksBuildPhase section */

/* Begin PBXGroup section */
		BAEFCB91201685B400D26689 = {
			isa = PBXGroup;
			children = (
				BAEFCB9C201685B400D26689 /* Alarm */,
				BAEFCB9B201685B400D26689 /* Products */,
			);
			sourceTree = "<group>";
		};
		BAEFCB9B201685B400D26689 /* Products */ = {
			isa = PBXGroup;
			children = (
				BAEFCB9A201685B400D26689 /* Alarm.app */,
			);
			name = Products;
			sourceTree = "<group>";
		};
		BAEFCB9C201685B400D26689 /* Alarm */ = {
			isa = PBXGroup;
			children = (
				BAEFCB9D201685B400D26689 /* AppDelegate.swift */,
				BAEFCBA1201685B400D26689 /* Main.storyboard */,
				BAEFCBB3201691CA00D26689 /* SwitchTableViewCell.swift */,
				BAEFCBB52016AC8000D26689 /* Alarm.swift */,
				BAEFCBB72016AC9F00D26689 /* DateHelper.swift */,
				BAEFCBB92016AEF000D26689 /* AlarmController.swift */,
				BAEFCBB120168F8500D26689 /* AlarmDetailTableViewController.swift */,
				BAEFCBAF2016891900D26689 /* AlarmListTableViewController.swift */,
				BAEFCBA4201685B400D26689 /* Assets.xcassets */,
				BAEFCBA6201685B400D26689 /* LaunchScreen.storyboard */,
				BAEFCBA9201685B400D26689 /* Info.plist */,
			);
			path = Alarm;
			sourceTree = "<group>";
		};
/* End PBXGroup section */

/* Begin PBXNativeTarget section */
		BAEFCB99201685B400D26689 /* Alarm */ = {
			isa = PBXNativeTarget;
			buildConfigurationList = BAEFCBAC201685B400D26689 /* Build configuration list for PBXNativeTarget "Alarm" */;
			buildPhases = (
				BAEFCB96201685B400D26689 /* Sources */,
				BAEFCB97201685B400D26689 /* Frameworks */,
				BAEFCB98201685B400D26689 /* Resources */,
			);
			buildRules = (
			);
			dependencies = (
			);
			name = Alarm;
			productName = Alarm;
			productReference = BAEFCB9A201685B400D26689 /* Alarm.app */;
			productType = "com.apple.product-type.application";
		};
/* End PBXNativeTarget section */

/* Begin PBXProject section */
		BAEFCB92201685B400D26689 /* Project object */ = {
			isa = PBXProject;
			attributes = {
				LastSwiftUpdateCheck = 0920;
				LastUpgradeCheck = 0920;
				ORGANIZATIONNAME = "Turnt Labs";
				TargetAttributes = {
					BAEFCB99201685B400D26689 = {
						CreatedOnToolsVersion = 9.2;
						ProvisioningStyle = Automatic;
					};
				};
			};
			buildConfigurationList = BAEFCB95201685B400D26689 /* Build configuration list for PBXProject "Alarm" */;
			compatibilityVersion = "Xcode 8.0";
			developmentRegion = en;
			hasScannedForEncodings = 0;
			knownRegions = (
				en,
				Base,
			);
			mainGroup = BAEFCB91201685B400D26689;
			productRefGroup = BAEFCB9B201685B400D26689 /* Products */;
			projectDirPath = "";
			projectRoot = "";
			targets = (
				BAEFCB99201685B400D26689 /* Alarm */,
			);
		};
/* End PBXProject section */

/* Begin PBXResourcesBuildPhase section */
		BAEFCB98201685B400D26689 /* Resources */ = {
			isa = PBXResourcesBuildPhase;
			buildActionMask = 2147483647;
			files = (
				BAEFCBA8201685B400D26689 /* LaunchScreen.storyboard in Resources */,
				BAEFCBA5201685B400D26689 /* Assets.xcassets in Resources */,
				BAEFCBA3201685B400D26689 /* Main.storyboard in Resources */,
			);
			runOnlyForDeploymentPostprocessing = 0;
		};
/* End PBXResourcesBuildPhase section */

/* Begin PBXSourcesBuildPhase section */
		BAEFCB96201685B400D26689 /* Sources */ = {
			isa = PBXSourcesBuildPhase;
			buildActionMask = 2147483647;
			files = (
				BAEFCBBA2016AEF000D26689 /* AlarmController.swift in Sources */,
				BAEFCBB02016891900D26689 /* AlarmListTableViewController.swift in Sources */,
				BAEFCBB4201691CA00D26689 /* SwitchTableViewCell.swift in Sources */,
				BAEFCBB220168F8500D26689 /* AlarmDetailTableViewController.swift in Sources */,
				BAEFCB9E201685B400D26689 /* AppDelegate.swift in Sources */,
				BAEFCBB82016AC9F00D26689 /* DateHelper.swift in Sources */,
				BAEFCBB62016AC8000D26689 /* Alarm.swift in Sources */,
			);
			runOnlyForDeploymentPostprocessing = 0;
		};
/* End PBXSourcesBuildPhase section */

/* Begin PBXVariantGroup section */
		BAEFCBA1201685B400D26689 /* Main.storyboard */ = {
			isa = PBXVariantGroup;
			children = (
				BAEFCBA2201685B400D26689 /* Base */,
			);
			name = Main.storyboard;
			sourceTree = "<group>";
		};
		BAEFCBA6201685B400D26689 /* LaunchScreen.storyboard */ = {
			isa = PBXVariantGroup;
			children = (
				BAEFCBA7201685B400D26689 /* Base */,
			);
			name = LaunchScreen.storyboard;
			sourceTree = "<group>";
		};
/* End PBXVariantGroup section */

/* Begin XCBuildConfiguration section */
		BAEFCBAA201685B400D26689 /* Debug */ = {
			isa = XCBuildConfiguration;
			buildSettings = {
				ALWAYS_SEARCH_USER_PATHS = NO;
				CLANG_ANALYZER_NONNULL = YES;
				CLANG_ANALYZER_NUMBER_OBJECT_CONVERSION = YES_AGGRESSIVE;
				CLANG_CXX_LANGUAGE_STANDARD = "gnu++14";
				CLANG_CXX_LIBRARY = "libc++";
				CLANG_ENABLE_MODULES = YES;
				CLANG_ENABLE_OBJC_ARC = YES;
				CLANG_WARN_BLOCK_CAPTURE_AUTORELEASING = YES;
				CLANG_WARN_BOOL_CONVERSION = YES;
				CLANG_WARN_COMMA = YES;
				CLANG_WARN_CONSTANT_CONVERSION = YES;
				CLANG_WARN_DIRECT_OBJC_ISA_USAGE = YES_ERROR;
				CLANG_WARN_DOCUMENTATION_COMMENTS = YES;
				CLANG_WARN_EMPTY_BODY = YES;
				CLANG_WARN_ENUM_CONVERSION = YES;
				CLANG_WARN_INFINITE_RECURSION = YES;
				CLANG_WARN_INT_CONVERSION = YES;
				CLANG_WARN_NON_LITERAL_NULL_CONVERSION = YES;
				CLANG_WARN_OBJC_LITERAL_CONVERSION = YES;
				CLANG_WARN_OBJC_ROOT_CLASS = YES_ERROR;
				CLANG_WARN_RANGE_LOOP_ANALYSIS = YES;
				CLANG_WARN_STRICT_PROTOTYPES = YES;
				CLANG_WARN_SUSPICIOUS_MOVE = YES;
				CLANG_WARN_UNGUARDED_AVAILABILITY = YES_AGGRESSIVE;
				CLANG_WARN_UNREACHABLE_CODE = YES;
				CLANG_WARN__DUPLICATE_METHOD_MATCH = YES;
				CODE_SIGN_IDENTITY = "iPhone Developer";
				COPY_PHASE_STRIP = NO;
				DEBUG_INFORMATION_FORMAT = dwarf;
				ENABLE_STRICT_OBJC_MSGSEND = YES;
				ENABLE_TESTABILITY = YES;
				GCC_C_LANGUAGE_STANDARD = gnu11;
				GCC_DYNAMIC_NO_PIC = NO;
				GCC_NO_COMMON_BLOCKS = YES;
				GCC_OPTIMIZATION_LEVEL = 0;
				GCC_PREPROCESSOR_DEFINITIONS = (
					"DEBUG=1",
					"$(inherited)",
				);
				GCC_WARN_64_TO_32_BIT_CONVERSION = YES;
				GCC_WARN_ABOUT_RETURN_TYPE = YES_ERROR;
				GCC_WARN_UNDECLARED_SELECTOR = YES;
				GCC_WARN_UNINITIALIZED_AUTOS = YES_AGGRESSIVE;
				GCC_WARN_UNUSED_FUNCTION = YES;
				GCC_WARN_UNUSED_VARIABLE = YES;
				IPHONEOS_DEPLOYMENT_TARGET = 11.2;
				MTL_ENABLE_DEBUG_INFO = YES;
				ONLY_ACTIVE_ARCH = YES;
				SDKROOT = iphoneos;
				SWIFT_ACTIVE_COMPILATION_CONDITIONS = DEBUG;
				SWIFT_OPTIMIZATION_LEVEL = "-Onone";
			};
			name = Debug;
		};
		BAEFCBAB201685B400D26689 /* Release */ = {
			isa = XCBuildConfiguration;
			buildSettings = {
				ALWAYS_SEARCH_USER_PATHS = NO;
				CLANG_ANALYZER_NONNULL = YES;
				CLANG_ANALYZER_NUMBER_OBJECT_CONVERSION = YES_AGGRESSIVE;
				CLANG_CXX_LANGUAGE_STANDARD = "gnu++14";
				CLANG_CXX_LIBRARY = "libc++";
				CLANG_ENABLE_MODULES = YES;
				CLANG_ENABLE_OBJC_ARC = YES;
				CLANG_WARN_BLOCK_CAPTURE_AUTORELEASING = YES;
				CLANG_WARN_BOOL_CONVERSION = YES;
				CLANG_WARN_COMMA = YES;
				CLANG_WARN_CONSTANT_CONVERSION = YES;
				CLANG_WARN_DIRECT_OBJC_ISA_USAGE = YES_ERROR;
				CLANG_WARN_DOCUMENTATION_COMMENTS = YES;
				CLANG_WARN_EMPTY_BODY = YES;
				CLANG_WARN_ENUM_CONVERSION = YES;
				CLANG_WARN_INFINITE_RECURSION = YES;
				CLANG_WARN_INT_CONVERSION = YES;
				CLANG_WARN_NON_LITERAL_NULL_CONVERSION = YES;
				CLANG_WARN_OBJC_LITERAL_CONVERSION = YES;
				CLANG_WARN_OBJC_ROOT_CLASS = YES_ERROR;
				CLANG_WARN_RANGE_LOOP_ANALYSIS = YES;
				CLANG_WARN_STRICT_PROTOTYPES = YES;
				CLANG_WARN_SUSPICIOUS_MOVE = YES;
				CLANG_WARN_UNGUARDED_AVAILABILITY = YES_AGGRESSIVE;
				CLANG_WARN_UNREACHABLE_CODE = YES;
				CLANG_WARN__DUPLICATE_METHOD_MATCH = YES;
				CODE_SIGN_IDENTITY = "iPhone Developer";
				COPY_PHASE_STRIP = NO;
				DEBUG_INFORMATION_FORMAT = "dwarf-with-dsym";
				ENABLE_NS_ASSERTIONS = NO;
				ENABLE_STRICT_OBJC_MSGSEND = YES;
				GCC_C_LANGUAGE_STANDARD = gnu11;
				GCC_NO_COMMON_BLOCKS = YES;
				GCC_WARN_64_TO_32_BIT_CONVERSION = YES;
				GCC_WARN_ABOUT_RETURN_TYPE = YES_ERROR;
				GCC_WARN_UNDECLARED_SELECTOR = YES;
				GCC_WARN_UNINITIALIZED_AUTOS = YES_AGGRESSIVE;
				GCC_WARN_UNUSED_FUNCTION = YES;
				GCC_WARN_UNUSED_VARIABLE = YES;
				IPHONEOS_DEPLOYMENT_TARGET = 11.2;
				MTL_ENABLE_DEBUG_INFO = NO;
				SDKROOT = iphoneos;
				SWIFT_OPTIMIZATION_LEVEL = "-Owholemodule";
				VALIDATE_PRODUCT = YES;
			};
			name = Release;
		};
		BAEFCBAD201685B400D26689 /* Debug */ = {
			isa = XCBuildConfiguration;
			buildSettings = {
				ASSETCATALOG_COMPILER_APPICON_NAME = AppIcon;
				CODE_SIGN_STYLE = Automatic;
				DEVELOPMENT_TEAM = NELGRQX33K;
				INFOPLIST_FILE = Alarm/Info.plist;
				LD_RUNPATH_SEARCH_PATHS = "$(inherited) @executable_path/Frameworks";
				PRODUCT_BUNDLE_IDENTIFIER = com.turntlabs.Alarm;
				PRODUCT_NAME = "$(TARGET_NAME)";
				SWIFT_VERSION = 4.0;
				TARGETED_DEVICE_FAMILY = "1,2";
			};
			name = Debug;
		};
		BAEFCBAE201685B400D26689 /* Release */ = {
			isa = XCBuildConfiguration;
			buildSettings = {
				ASSETCATALOG_COMPILER_APPICON_NAME = AppIcon;
				CODE_SIGN_STYLE = Automatic;
				DEVELOPMENT_TEAM = NELGRQX33K;
				INFOPLIST_FILE = Alarm/Info.plist;
				LD_RUNPATH_SEARCH_PATHS = "$(inherited) @executable_path/Frameworks";
				PRODUCT_BUNDLE_IDENTIFIER = com.turntlabs.Alarm;
				PRODUCT_NAME = "$(TARGET_NAME)";
				SWIFT_VERSION = 4.0;
				TARGETED_DEVICE_FAMILY = "1,2";
			};
			name = Release;
		};
/* End XCBuildConfiguration section */

/* Begin XCConfigurationList section */
		BAEFCB95201685B400D26689 /* Build configuration list for PBXProject "Alarm" */ = {
			isa = XCConfigurationList;
			buildConfigurations = (
				BAEFCBAA201685B400D26689 /* Debug */,
				BAEFCBAB201685B400D26689 /* Release */,
			);
			defaultConfigurationIsVisible = 0;
			defaultConfigurationName = Release;
		};
		BAEFCBAC201685B400D26689 /* Build configuration list for PBXNativeTarget "Alarm" */ = {
			isa = XCConfigurationList;
			buildConfigurations = (
				BAEFCBAD201685B400D26689 /* Debug */,
				BAEFCBAE201685B400D26689 /* Release */,
			);
			defaultConfigurationIsVisible = 0;
			defaultConfigurationName = Release;
		};
/* End XCConfigurationList section */
	};
	rootObject = BAEFCB92201685B400D26689 /* Project object */;
}
